
Microsoft Visual Studio Solution File, Format Version 12.00
# Visual Studio Version 17
VisualStudioVersion = 17.1.32319.34
MinimumVisualStudioVersion = 10.0.40219.1
Project("{9A19103F-16F7-4668-BE54-9A1E7A4F7556}") = "FileManager", "FileManager\FileManager.csproj", "{C0266FF4-DCD5-425D-BC88-DDB779CEEAF1}"
EndProject
Global
	GlobalSection(SolutionConfigurationPlatforms) = preSolution
		Debug|Any CPU = Debug|Any CPU
		Release|Any CPU = Release|Any CPU
	EndGlobalSection
	GlobalSection(ProjectConfigurationPlatforms) = postSolution
		{C0266FF4-DCD5-425D-BC88-DDB779CEEAF1}.Debug|Any CPU.ActiveCfg = Debug|Any CPU
		{C0266FF4-DCD5-425D-BC88-DDB779CEEAF1}.Debug|Any CPU.Build.0 = Debug|Any CPU
		{C0266FF4-DCD5-425D-BC88-DDB779CEEAF1}.Release|Any CPU.ActiveCfg = Release|Any CPU
		{C0266FF4-DCD5-425D-BC88-DDB779CEEAF1}.Release|Any CPU.Build.0 = Release|Any CPU
	EndGlobalSection
	GlobalSection(SolutionProperties) = preSolution
		HideSolutionNode = FALSE
	EndGlobalSection
	GlobalSection(ExtensibilityGlobals) = postSolution
		SolutionGuid = {30BEDC2B-8379-414D-B3B9-28DB5FC3A1EA}
	EndGlobalSection
EndGlobal
